
Microsoft Visual Studio Solution File, Format Version 12.00
# Visual Studio Version 17
VisualStudioVersion = 17.6.33829.357
MinimumVisualStudioVersion = 10.0.40219.1
Project("{888888A0-9F3D-457C-B088-3A5042F75D52}") = "GetPrimeTest", "GetPrimeTest\GetPrimeTest.pyproj", "{DAF2D0FD-E66F-4B7E-A28C-8E9D0CAD0E1F}"
EndProject
Global
	GlobalSection(SolutionConfigurationPlatforms) = preSolution
		Debug|Any CPU = Debug|Any CPU
		Release|Any CPU = Release|Any CPU
	EndGlobalSection
	GlobalSection(ProjectConfigurationPlatforms) = postSolution
		{DAF2D0FD-E66F-4B7E-A28C-8E9D0CAD0E1F}.Debug|Any CPU.ActiveCfg = Debug|Any CPU
		{DAF2D0FD-E66F-4B7E-A28C-8E9D0CAD0E1F}.Release|Any CPU.ActiveCfg = Release|Any CPU
	EndGlobalSection
	GlobalSection(SolutionProperties) = preSolution
		HideSolutionNode = FALSE
	EndGlobalSection
	GlobalSection(ExtensibilityGlobals) = postSolution
		SolutionGuid = {FFE4DA28-A24B-4A54-9D14-CEBF4C1D271B}
	EndGlobalSection
EndGlobal
